
Microsoft Visual Studio Solution File, Format Version 12.00
# Visual Studio Version 16
VisualStudioVersion = 16.0.29519.87
MinimumVisualStudioVersion = 10.0.40219.1
Project("{FAE04EC0-301F-11D3-BF4B-00C04F79EFBC}") = "Kadomatsu", "Kadomatsu\Kadomatsu.csproj", "{8A6A1576-29AB-48E9-8380-4397AF305686}"
EndProject
Global
	GlobalSection(SolutionConfigurationPlatforms) = preSolution
		Debug|Any CPU = Debug|Any CPU
		Release|Any CPU = Release|Any CPU
	EndGlobalSection
	GlobalSection(ProjectConfigurationPlatforms) = postSolution
		{8A6A1576-29AB-48E9-8380-4397AF305686}.Debug|Any CPU.ActiveCfg = Debug|Any CPU
		{8A6A1576-29AB-48E9-8380-4397AF305686}.Debug|Any CPU.Build.0 = Debug|Any CPU
		{8A6A1576-29AB-48E9-8380-4397AF305686}.Release|Any CPU.ActiveCfg = Release|Any CPU
		{8A6A1576-29AB-48E9-8380-4397AF305686}.Release|Any CPU.Build.0 = Release|Any CPU
	EndGlobalSection
	GlobalSection(SolutionProperties) = preSolution
		HideSolutionNode = FALSE
	EndGlobalSection
	GlobalSection(ExtensibilityGlobals) = postSolution
		SolutionGuid = {994B4184-1642-4CB7-8088-AAE07AED766C}
	EndGlobalSection
EndGlobal
